
Microsoft Visual Studio Solution File, Format Version 12.00
# Visual Studio Version 17
VisualStudioVersion = 17.2.32630.192
MinimumVisualStudioVersion = 10.0.40219.1
Project("{FAE04EC0-301F-11D3-BF4B-00C04F79EFBC}") = "CheckoutKataApp", "CheckoutKataApp\CheckoutKataApp.csproj", "{413CD225-B09C-4D6A-BA7C-949A9E0E7923}"
EndProject
Project("{FAE04EC0-301F-11D3-BF4B-00C04F79EFBC}") = "CheckoutKataAppTests", "CheckoutKataAppTests\CheckoutKataAppTests.csproj", "{4FC58433-997C-4A54-83B8-DDC224F8EAC6}"
EndProject
Global
	GlobalSection(SolutionConfigurationPlatforms) = preSolution
		Debug|Any CPU = Debug|Any CPU
		Release|Any CPU = Release|Any CPU
	EndGlobalSection
	GlobalSection(ProjectConfigurationPlatforms) = postSolution
		{413CD225-B09C-4D6A-BA7C-949A9E0E7923}.Debug|Any CPU.ActiveCfg = Debug|Any CPU
		{413CD225-B09C-4D6A-BA7C-949A9E0E7923}.Debug|Any CPU.Build.0 = Debug|Any CPU
		{413CD225-B09C-4D6A-BA7C-949A9E0E7923}.Release|Any CPU.ActiveCfg = Release|Any CPU
		{413CD225-B09C-4D6A-BA7C-949A9E0E7923}.Release|Any CPU.Build.0 = Release|Any CPU
		{4FC58433-997C-4A54-83B8-DDC224F8EAC6}.Debug|Any CPU.ActiveCfg = Debug|Any CPU
		{4FC58433-997C-4A54-83B8-DDC224F8EAC6}.Debug|Any CPU.Build.0 = Debug|Any CPU
		{4FC58433-997C-4A54-83B8-DDC224F8EAC6}.Release|Any CPU.ActiveCfg = Release|Any CPU
		{4FC58433-997C-4A54-83B8-DDC224F8EAC6}.Release|Any CPU.Build.0 = Release|Any CPU
	EndGlobalSection
	GlobalSection(SolutionProperties) = preSolution
		HideSolutionNode = FALSE
	EndGlobalSection
	GlobalSection(ExtensibilityGlobals) = postSolution
		SolutionGuid = {2DCED98A-096D-4AF2-8A0A-D8C93DF419FC}
	EndGlobalSection
EndGlobal
